Microsoft Visual Studio Solution File, Format Version 11.00
# Visual Studio 2010
Project("{FAE04EC0-301F-11D3-BF4B-00C04F79EFBC}") = "Assembly-CSharp", "Assembly-CSharp.csproj", "{B1D9F750-4AC1-502F-D412-0757E5EE3F69}"
EndProject
Project("{FAE04EC0-301F-11D3-BF4B-00C04F79EFBC}") = "Assembly-CSharp-Editor", "Assembly-CSharp-Editor.csproj", "{E96733CE-7061-0E61-D46B-4370D5AAF679}"
EndProject
Global
	GlobalSection(SolutionConfigurationPlatforms) = preSolution
		Debug|Any CPU = Debug|Any CPU
		Release|Any CPU = Release|Any CPU
	EndGlobalSection
	GlobalSection(ProjectConfigurationPlatforms) = postSolution
		{B1D9F750-4AC1-502F-D412-0757E5EE3F69}.Debug|Any CPU.ActiveCfg = Debug|Any CPU
		{B1D9F750-4AC1-502F-D412-0757E5EE3F69}.Debug|Any CPU.Build.0 = Debug|Any CPU
		{B1D9F750-4AC1-502F-D412-0757E5EE3F69}.Release|Any CPU.ActiveCfg = Release|Any CPU
		{B1D9F750-4AC1-502F-D412-0757E5EE3F69}.Release|Any CPU.Build.0 = Release|Any CPU
		{E96733CE-7061-0E61-D46B-4370D5AAF679}.Debug|Any CPU.ActiveCfg = Debug|Any CPU
		{E96733CE-7061-0E61-D46B-4370D5AAF679}.Debug|Any CPU.Build.0 = Debug|Any CPU
		{E96733CE-7061-0E61-D46B-4370D5AAF679}.Release|Any CPU.ActiveCfg = Release|Any CPU
		{E96733CE-7061-0E61-D46B-4370D5AAF679}.Release|Any CPU.Build.0 = Release|Any CPU
	EndGlobalSection
	GlobalSection(SolutionProperties) = preSolution
		HideSolutionNode = FALSE
	EndGlobalSection
	GlobalSection(MonoDevelopProperties) = preSolution
		StartupItem = Assembly-CSharp.csproj
	EndGlobalSection
EndGlobal
